// !$*UTF8*$!
{
	archiveVersion = 1;
	classes = {
	};
	objectVersion = 50;
	objects = {

/* Begin PBXBuildFile section */
		10115E4A22A4EC4E0053F703 /* AppDelegate.m in Sources */ = {isa = PBXBuildFile; fileRef = 10115E4922A4EC4E0053F703 /* AppDelegate.m */; };
		10115E4D22A4EC4E0053F703 /* ViewController.m in Sources */ = {isa = PBXBuildFile; fileRef = 10115E4C22A4EC4E0053F703 /* ViewController.m */; };
		10115E5022A4EC4E0053F703 /* Main.storyboard in Resources */ = {isa = PBXBuildFile; fileRef = 10115E4E22A4EC4E0053F703 /* Main.storyboard */; };
		10115E5222A4EC4F0053F703 /* Assets.xcassets in Resources */ = {isa = PBXBuildFile; fileRef = 10115E5122A4EC4F0053F703 /* Assets.xcassets */; };
		10115E5522A4EC4F0053F703 /* LaunchScreen.storyboard in Resources */ = {isa = PBXBuildFile; fileRef = 10115E5322A4EC4F0053F703 /* LaunchScreen.storyboard */; };
		10115E5822A4EC4F0053F703 /* main.m in Sources */ = {isa = PBXBuildFile; fileRef = 10115E5722A4EC4F0053F703 /* main.m */; };
/* End PBXBuildFile section */

/* Begin PBXFileReference section */
		10115E4522A4EC4E0053F703 /* Demo02.app */ = {isa = PBXFileReference; explicitFileType = wrapper.application; includeInIndex = 0; path = Demo02.app; sourceTree = BUILT_PRODUCTS_DIR; };
		10115E4822A4EC4E0053F703 /* AppDelegate.h */ = {isa = PBXFileReference; lastKnownFileType = sourcecode.c.h; path = AppDelegate.h; sourceTree = "<group>"; };
		10115E4922A4EC4E0053F703 /* AppDelegate.m */ = {isa = PBXFileReference; lastKnownFileType = sourcecode.c.objc; path = AppDelegate.m; sourceTree = "<group>"; };
		10115E4B22A4EC4E0053F703 /* ViewController.h */ = {isa = PBXFileReference; lastKnownFileType = sourcecode.c.h; path = ViewController.h; sourceTree = "<group>"; };
		10115E4C22A4EC4E0053F703 /* ViewController.m */ = {isa = PBXFileReference; lastKnownFileType = sourcecode.c.objc; path = ViewController.m; sourceTree = "<group>"; };
		10115E4F22A4EC4E0053F703 /* Base */ = {isa = PBXFileReference; lastKnownFileType = file.storyboard; name = Base; path = Base.lproj/Main.storyboard; sourceTree = "<group>"; };
		10115E5122A4EC4F0053F703 /* Assets.xcassets */ = {isa = PBXFileReference; lastKnownFileType = folder.assetcatalog; path = Assets.xcassets; sourceTree = "<group>"; };
		10115E5422A4EC4F0053F703 /* Base */ = {isa = PBXFileReference; lastKnownFileType = file.storyboard; name = Base; path = Base.lproj/LaunchScreen.storyboard; sourceTree = "<group>"; };
		10115E5622A4EC4F0053F703 /* Info.plist */ = {isa = PBXFileReference; lastKnownFileType = text.plist.xml; path = Info.plist; sourceTree = "<group>"; };
		10115E5722A4EC4F0053F703 /* main.m */ = {isa = PBXFileReference; lastKnownFileType = sourcecode.c.objc; path = main.m; sourceTree = "<group>"; };
/* End PBXFileReference section */

/* Begin PBXFrameworksBuildPhase section */
		10115E4222A4EC4E0053F703 /* Frameworks */ = {
			isa = PBXFrameworksBuildPhase;
			buildActionMask = 2147483647;
			files = (
			);
			runOnlyForDeploymentPostprocessing = 0;
		};
/* End PBXFrameworksBuildPhase section */

/* Begin PBXGroup section */
		10115E3C22A4EC4E0053F703 = {
			isa = PBXGroup;
			children = (
				10115E4722A4EC4E0053F703 /* Demo02 */,
				10115E4622A4EC4E0053F703 /* Products */,
			);
			sourceTree = "<group>";
		};
		10115E4622A4EC4E0053F703 /* Products */ = {
			isa = PBXGroup;
			children = (
				10115E4522A4EC4E0053F703 /* Demo02.app */,
			);
			name = Products;
			sourceTree = "<group>";
		};
		10115E4722A4EC4E0053F703 /* Demo02 */ = {
			isa = PBXGroup;
			children = (
				10115E4822A4EC4E0053F703 /* AppDelegate.h */,
				10115E4922A4EC4E0053F703 /* AppDelegate.m */,
				10115E4B22A4EC4E0053F703 /* ViewController.h */,
				10115E4C22A4EC4E0053F703 /* ViewController.m */,
				10115E4E22A4EC4E0053F703 /* Main.storyboard */,
				10115E5122A4EC4F0053F703 /* Assets.xcassets */,
				10115E5322A4EC4F0053F703 /* LaunchScreen.storyboard */,
				10115E5622A4EC4F0053F703 /* Info.plist */,
				10115E5722A4EC4F0053F703 /* main.m */,
			);
			path = Demo02;
			sourceTree = "<group>";
		};
/* End PBXGroup section */

/* Begin PBXNativeTarget section */
		10115E4422A4EC4E0053F703 /* Demo02 */ = {
			isa = PBXNativeTarget;
			buildConfigurationList = 10115E5B22A4EC4F0053F703 /* Build configuration list for PBXNativeTarget "Demo02" */;
			buildPhases = (
				10115E4122A4EC4E0053F703 /* Sources */,
				10115E4222A4EC4E0053F703 /* Frameworks */,
				10115E4322A4EC4E0053F703 /* Resources */,
			);
			buildRules = (
			);
			dependencies = (
			);
			name = Demo02;
			productName = Demo02;
			productReference = 10115E4522A4EC4E0053F703 /* Demo02.app */;
			productType = "com.apple.product-type.application";
		};
/* End PBXNativeTarget section */

/* Begin PBXProject section */
		10115E3D22A4EC4E0053F703 /* Project object */ = {
			isa = PBXProject;
			attributes = {
				LastUpgradeCheck = 1020;
				ORGANIZATIONNAME = Ac;
				TargetAttributes = {
					10115E4422A4EC4E0053F703 = {
						CreatedOnToolsVersion = 10.2;
					};
				};
			};
			buildConfigurationList = 10115E4022A4EC4E0053F703 /* Build configuration list for PBXProject "Demo02" */;
			compatibilityVersion = "Xcode 9.3";
			developmentRegion = en;
			hasScannedForEncodings = 0;
			knownRegions = (
				en,
				Base,
			);
			mainGroup = 10115E3C22A4EC4E0053F703;
			productRefGroup = 10115E4622A4EC4E0053F703 /* Products */;
			projectDirPath = "";
			projectRoot = "";
			targets = (
				10115E4422A4EC4E0053F703 /* Demo02 */,
			);
		};
/* End PBXProject section */

/* Begin PBXResourcesBuildPhase section */
		10115E4322A4EC4E0053F703 /* Resources */ = {
			isa = PBXResourcesBuildPhase;
			buildActionMask = 2147483647;
			files = (
				10115E5522A4EC4F0053F703 /* LaunchScreen.storyboard in Resources */,
				10115E5222A4EC4F0053F703 /* Assets.xcassets in Resources */,
				10115E5022A4EC4E0053F703 /* Main.storyboard in Resources */,
			);
			runOnlyForDeploymentPostprocessing = 0;
		};
/* End PBXResourcesBuildPhase section */

/* Begin PBXSourcesBuildPhase section */
		10115E4122A4EC4E0053F703 /* Sources */ = {
			isa = PBXSourcesBuildPhase;
			buildActionMask = 2147483647;
			files = (
				10115E4D22A4EC4E0053F703 /* ViewController.m in Sources */,
				10115E5822A4EC4F0053F703 /* main.m in Sources */,
				10115E4A22A4EC4E0053F703 /* AppDelegate.m in Sources */,
			);
			runOnlyForDeploymentPostprocessing = 0;
		};
/* End PBXSourcesBuildPhase section */

/* Begin PBXVariantGroup section */
		10115E4E22A4EC4E0053F703 /* Main.storyboard */ = {
			isa = PBXVariantGroup;
			children = (
				10115E4F22A4EC4E0053F703 /* Base */,
			);
			name = Main.storyboard;
			sourceTree = "<group>";
		};
		10115E5322A4EC4F0053F703 /* LaunchScreen.storyboard */ = {
			isa = PBXVariantGroup;
			children = (
				10115E5422A4EC4F0053F703 /* Base */,
			);
			name = LaunchScreen.storyboard;
			sourceTree = "<group>";
		};
/* End PBXVariantGroup section */

/* Begin XCBuildConfiguration section */
		10115E5922A4EC4F0053F703 /* Debug */ = {
			isa = XCBuildConfiguration;
			buildSettings = {
				ALWAYS_SEARCH_USER_PATHS = NO;
				CLANG_ANALYZER_NONNULL = YES;
				CLANG_ANALYZER_NUMBER_OBJECT_CONVERSION = YES_AGGRESSIVE;
				CLANG_CXX_LANGUAGE_STANDARD = "gnu++14";
				CLANG_CXX_LIBRARY = "libc++";
				CLANG_ENABLE_MODULES = YES;
				CLANG_ENABLE_OBJC_ARC = YES;
				CLANG_ENABLE_OBJC_WEAK = YES;
				CLANG_WARN_BLOCK_CAPTURE_AUTORELEASING = YES;
				CLANG_WARN_BOOL_CONVERSION = YES;
				CLANG_WARN_COMMA = YES;
				CLANG_WARN_CONSTANT_CONVERSION = YES;
				CLANG_WARN_DEPRECATED_OBJC_IMPLEMENTATIONS = YES;
				CLANG_WARN_DIRECT_OBJC_ISA_USAGE = YES_ERROR;
				CLANG_WARN_DOCUMENTATION_COMMENTS = YES;
				CLANG_WARN_EMPTY_BODY = YES;
				CLANG_WARN_ENUM_CONVERSION = YES;
				CLANG_WARN_INFINITE_RECURSION = YES;
				CLANG_WARN_INT_CONVERSION = YES;
				CLANG_WARN_NON_LITERAL_NULL_CONVERSION = YES;
				CLANG_WARN_OBJC_IMPLICIT_RETAIN_SELF = YES;
				CLANG_WARN_OBJC_LITERAL_CONVERSION = YES;
				CLANG_WARN_OBJC_ROOT_CLASS = YES_ERROR;
				CLANG_WARN_RANGE_LOOP_ANALYSIS = YES;
				CLANG_WARN_STRICT_PROTOTYPES = YES;
				CLANG_WARN_SUSPICIOUS_MOVE = YES;
				CLANG_WARN_UNGUARDED_AVAILABILITY = YES_AGGRESSIVE;
				CLANG_WARN_UNREACHABLE_CODE = YES;
				CLANG_WARN__DUPLICATE_METHOD_MATCH = YES;
				CODE_SIGN_IDENTITY = "iPhone Developer";
				COPY_PHASE_STRIP = NO;
				DEBUG_INFORMATION_FORMAT = dwarf;
				ENABLE_STRICT_OBJC_MSGSEND = YES;
				ENABLE_TESTABILITY = YES;
				GCC_C_LANGUAGE_STANDARD = gnu11;
				GCC_DYNAMIC_NO_PIC = NO;
				GCC_NO_COMMON_BLOCKS = YES;
				GCC_OPTIMIZATION_LEVEL = 0;
				GCC_PREPROCESSOR_DEFINITIONS = (
					"DEBUG=1",
					"$(inherited)",
				);
				GCC_WARN_64_TO_32_BIT_CONVERSION = YES;
				GCC_WARN_ABOUT_RETURN_TYPE = YES_ERROR;
				GCC_WARN_UNDECLARED_SELECTOR = YES;
				GCC_WARN_UNINITIALIZED_AUTOS = YES_AGGRESSIVE;
				GCC_WARN_UNUSED_FUNCTION = YES;
				GCC_WARN_UNUSED_VARIABLE = YES;
				IPHONEOS_DEPLOYMENT_TARGET = 12.2;
				MTL_ENABLE_DEBUG_INFO = INCLUDE_SOURCE;
				MTL_FAST_MATH = YES;
				ONLY_ACTIVE_ARCH = YES;
				SDKROOT = iphoneos;
			};
			name = Debug;
		};
		10115E5A22A4EC4F0053F703 /* Release */ = {
			isa = XCBuildConfiguration;
			buildSettings = {
				ALWAYS_SEARCH_USER_PATHS = NO;
				CLANG_ANALYZER_NONNULL = YES;
				CLANG_ANALYZER_NUMBER_OBJECT_CONVERSION = YES_AGGRESSIVE;
				CLANG_CXX_LANGUAGE_STANDARD = "gnu++14";
				CLANG_CXX_LIBRARY = "libc++";
				CLANG_ENABLE_MODULES = YES;
				CLANG_ENABLE_OBJC_ARC = YES;
				CLANG_ENABLE_OBJC_WEAK = YES;
				CLANG_WARN_BLOCK_CAPTURE_AUTORELEASING = YES;
				CLANG_WARN_BOOL_CONVERSION = YES;
				CLANG_WARN_COMMA = YES;
				CLANG_WARN_CONSTANT_CONVERSION = YES;
				CLANG_WARN_DEPRECATED_OBJC_IMPLEMENTATIONS = YES;
				CLANG_WARN_DIRECT_OBJC_ISA_USAGE = YES_ERROR;
				CLANG_WARN_DOCUMENTATION_COMMENTS = YES;
				CLANG_WARN_EMPTY_BODY = YES;
				CLANG_WARN_ENUM_CONVERSION = YES;
				CLANG_WARN_INFINITE_RECURSION = YES;
				CLANG_WARN_INT_CONVERSION = YES;
				CLANG_WARN_NON_LITERAL_NULL_CONVERSION = YES;
				CLANG_WARN_OBJC_IMPLICIT_RETAIN_SELF = YES;
				CLANG_WARN_OBJC_LITERAL_CONVERSION = YES;
				CLANG_WARN_OBJC_ROOT_CLASS = YES_ERROR;
				CLANG_WARN_RANGE_LOOP_ANALYSIS = YES;
				CLANG_WARN_STRICT_PROTOTYPES = YES;
				CLANG_WARN_SUSPICIOUS_MOVE = YES;
				CLANG_WARN_UNGUARDED_AVAILABILITY = YES_AGGRESSIVE;
				CLANG_WARN_UNREACHABLE_CODE = YES;
				CLANG_WARN__DUPLICATE_METHOD_MATCH = YES;
				CODE_SIGN_IDENTITY = "iPhone Developer";
				COPY_PHASE_STRIP = NO;
				DEBUG_INFORMATION_FORMAT = "dwarf-with-dsym";
				ENABLE_NS_ASSERTIONS = NO;
				ENABLE_STRICT_OBJC_MSGSEND = YES;
				GCC_C_LANGUAGE_STANDARD = gnu11;
				GCC_NO_COMMON_BLOCKS = YES;
				GCC_WARN_64_TO_32_BIT_CONVERSION = YES;
				GCC_WARN_ABOUT_RETURN_TYPE = YES_ERROR;
				GCC_WARN_UNDECLARED_SELECTOR = YES;
				GCC_WARN_UNINITIALIZED_AUTOS = YES_AGGRESSIVE;
				GCC_WARN_UNUSED_FUNCTION = YES;
				GCC_WARN_UNUSED_VARIABLE = YES;
				IPHONEOS_DEPLOYMENT_TARGET = 12.2;
				MTL_ENABLE_DEBUG_INFO = NO;
				MTL_FAST_MATH = YES;
				SDKROOT = iphoneos;
				VALIDATE_PRODUCT = YES;
			};
			name = Release;
		};
		10115E5C22A4EC4F0053F703 /* Debug */ = {
			isa = XCBuildConfiguration;
			buildSettings = {
				ASSETCATALOG_COMPILER_APPICON_NAME = AppIcon;
				CODE_SIGN_STYLE = Automatic;
				INFOPLIST_FILE = Demo02/Info.plist;
				LD_RUNPATH_SEARCH_PATHS = (
					"$(inherited)",
					"@executable_path/Frameworks",
				);
				PRODUCT_BUNDLE_IDENTIFIER = com.Ac.Demo02;
				PRODUCT_NAME = "$(TARGET_NAME)";
				TARGETED_DEVICE_FAMILY = "1,2";
			};
			name = Debug;
		};
		10115E5D22A4EC4F0053F703 /* Release */ = {
			isa = XCBuildConfiguration;
			buildSettings = {
				ASSETCATALOG_COMPILER_APPICON_NAME = AppIcon;
				CODE_SIGN_STYLE = Automatic;
				INFOPLIST_FILE = Demo02/Info.plist;
				LD_RUNPATH_SEARCH_PATHS = (
					"$(inherited)",
					"@executable_path/Frameworks",
				);
				PRODUCT_BUNDLE_IDENTIFIER = com.Ac.Demo02;
				PRODUCT_NAME = "$(TARGET_NAME)";
				TARGETED_DEVICE_FAMILY = "1,2";
			};
			name = Release;
		};
/* End XCBuildConfiguration section */

/* Begin XCConfigurationList section */
		10115E4022A4EC4E0053F703 /* Build configuration list for PBXProject "Demo02" */ = {
			isa = XCConfigurationList;
			buildConfigurations = (
				10115E5922A4EC4F0053F703 /* Debug */,
				10115E5A22A4EC4F0053F703 /* Release */,
			);
			defaultConfigurationIsVisible = 0;
			defaultConfigurationName = Release;
		};
		10115E5B22A4EC4F0053F703 /* Build configuration list for PBXNativeTarget "Demo02" */ = {
			isa = XCConfigurationList;
			buildConfigurations = (
				10115E5C22A4EC4F0053F703 /* Debug */,
				10115E5D22A4EC4F0053F703 /* Release */,
			);
			defaultConfigurationIsVisible = 0;
			defaultConfigurationName = Release;
		};
/* End XCConfigurationList section */
	};
	rootObject = 10115E3D22A4EC4E0053F703 /* Project object */;
}
